PODS:
  - Flutter (1.0.0)
  - open_mail (0.0.1):
    - Flutter

DEPENDENCIES:
  - Flutter (from `Flutter`)
  - open_mail (from `.symlinks/plugins/open_mail/ios`)

EXTERNAL SOURCES:
  Flutter:
    :path: Flutter
  open_mail:
    :path: ".symlinks/plugins/open_mail/ios"

SPEC CHECKSUMS:
  Flutter: cabc95a1d2626b1b06e7179b784ebcf0c0cde467
  open_mail: b6b41374f5000a2ea1edc09ffe39d9e434e2747a

PODFILE CHECKSUM: ae9e65fc23486119b8e977fd41d9213f251e537a

COCOAPODS: 1.16.2
